{
  "version": 4,
  "terraform_version": "1.7.3",
  "serial": 13,
  "lineage": "95c6cefd-64f1-6a1e-51c0-d66ff299a331",
  "outputs": {},
  "resources": [
    {
      "module": "module.aks_rg",
      "mode": "managed",
      "type": "azurerm_resource_group",
      "name": "aks_rg",
      "provider": "provider[\"registry.terraform.io/hashicorp/azurerm\"]",
      "instances": [
        {
          "schema_version": 0,
          "attributes": {
            "id": "/subscriptions/9734dba5-b9e0-4249-9973-b3fb22b06d24/resourceGroups/aks_rg-prod",
            "location": "eastus",
            "managed_by": "",
            "name": "aks_rg-prod",
            "tags": {},
            "timeouts": null
          },
          "sensitive_attributes": [],
          "private": "eyJlMmJmYjczMC1lY2FhLTExZTYtOGY4OC0zNDM2M2JjN2M0YzAiOnsiY3JlYXRlIjo1NDAwMDAwMDAwMDAwLCJkZWxldGUiOjU0MDAwMDAwMDAwMDAsInJlYWQiOjMwMDAwMDAwMDAwMCwidXBkYXRlIjo1NDAwMDAwMDAwMDAwfX0="
        }
      ]
    },
    {
      "module": "module.vm",
      "mode": "managed",
      "type": "azurerm_linux_virtual_machine",
      "name": "agent_vm",
      "provider": "provider[\"registry.terraform.io/hashicorp/azurerm\"]",
      "instances": [
        {
          "schema_version": 0,
          "attributes": {
            "additional_capabilities": [],
            "admin_password": null,
            "admin_ssh_key": [
              {
                "public_key": "ssh-rsa AAAAB3NzaC1yc2EAAAADAQABAAACAQC6J046V6BvEbdU28Qt8sWtOeWWqqlbZEfttButk+Ej2V4fJiSbgLWBowqu9IIlyRFuS5K9xH/1RUtLdbA25YZoMI9GIJVOMSkqIYliG9aY/PIJgXszOwOP9I4x4hAMbfLG5m09VeOAIxZpuMwUWjclbqwPha86f1wNaGSZOaOcHHAbaqfOpPnYrRUcC0n8Mch+qN49ZTxfS0734Jhtf/h9FWdxPueBLeqXX+ij9GDqUzTp7dYu9xZVKGlA6BPKvN+kF+EJFEphbf41Vfdg3OfBf5dKHV51GBG6jg+rHmXCdXF1dlP9XisGpuQUSzzBjjdyyWglz3UdT9bEp6iwI08SJ0Qoq00DajAeT3RBjGkLTgCd4AncHZvYhOShHHzkUsuFdeaa0UrN6TMXY3Dh8jlOA3r89T0z8G4dtV3lZFVUOnGPhM4EtR9CzbYfJ3BdbuQ1Qkfc/V2H+5d9ZL6l7WODz31gvJyNMIMagfAxRFdMpMbwZvI78tGj2PtZgku2qUPK2fRBf748rOlNl9qL/fbiFUtf9wZz2g0ql3weK7Wy+IvyZEavPFt8a94nSbI8Ewu6ZGEo3xobsVw1Pn3V1MxikuptxNlJ55PYXe/yaWmd06SloJeIcsX6TIRI6UVf50FFnpjZOj3sV0dsn78EKLOiVRqQAZoUwVSm915LWMSc8Q== sabchoud@WKWZT0PJhlRPV7q\n",
                "username": "agent"
              }
            ],
            "admin_username": "agent",
            "allow_extension_operations": true,
            "availability_set_id": "",
            "boot_diagnostics": [],
            "bypass_platform_safety_checks_on_user_schedule_enabled": false,
            "capacity_reservation_group_id": "",
            "computer_name": "agent-vm-prod",
            "custom_data": null,
            "dedicated_host_group_id": "",
            "dedicated_host_id": "",
            "disable_password_authentication": true,
            "disk_controller_type": "",
            "edge_zone": "",
            "encryption_at_host_enabled": false,
            "eviction_policy": "",
            "extensions_time_budget": "PT1H30M",
            "gallery_application": [],
            "id": "/subscriptions/9734dba5-b9e0-4249-9973-b3fb22b06d24/resourceGroups/aks_rg-prod/providers/Microsoft.Compute/virtualMachines/agent-vm-prod",
            "identity": [],
            "license_type": "",
            "location": "eastus",
            "max_bid_price": -1,
            "name": "agent-vm-prod",
            "network_interface_ids": [
              "/subscriptions/9734dba5-b9e0-4249-9973-b3fb22b06d24/resourceGroups/aks_rg-prod/providers/Microsoft.Network/networkInterfaces/agent-vm-nic"
            ],
            "os_disk": [
              {
                "caching": "ReadWrite",
                "diff_disk_settings": [],
                "disk_encryption_set_id": "",
                "disk_size_gb": 30,
                "name": "agent-vm-prod_OsDisk_1_cc6b2a01317646998ced25112e193c22",
                "secure_vm_disk_encryption_set_id": "",
                "security_encryption_type": "",
                "storage_account_type": "Standard_LRS",
                "write_accelerator_enabled": false
              }
            ],
            "os_image_notification": [],
            "patch_assessment_mode": "ImageDefault",
            "patch_mode": "ImageDefault",
            "plan": [],
            "platform_fault_domain": -1,
            "priority": "Regular",
            "private_ip_address": "10.0.2.4",
            "private_ip_addresses": [
              "10.0.2.4"
            ],
            "provision_vm_agent": true,
            "proximity_placement_group_id": "",
            "public_ip_address": "",
            "public_ip_addresses": [],
            "reboot_setting": "",
            "resource_group_name": "aks_rg-prod",
            "secret": [],
            "secure_boot_enabled": false,
            "size": "Standard_F2",
            "source_image_id": "",
            "source_image_reference": [
              {
                "offer": "0001-com-ubuntu-server-jammy",
                "publisher": "Canonical",
                "sku": "22_04-lts",
                "version": "latest"
              }
            ],
            "tags": null,
            "termination_notification": null,
            "timeouts": null,
            "user_data": "",
            "virtual_machine_id": "78c1c5c3-f043-4665-a7f2-f29b8f3c233c",
            "virtual_machine_scale_set_id": "",
            "vm_agent_platform_updates_enabled": false,
            "vtpm_enabled": false,
            "zone": ""
          },
          "sensitive_attributes": [],
          "private": "eyJlMmJmYjczMC1lY2FhLTExZTYtOGY4OC0zNDM2M2JjN2M0YzAiOnsiY3JlYXRlIjoyNzAwMDAwMDAwMDAwLCJkZWxldGUiOjI3MDAwMDAwMDAwMDAsInJlYWQiOjMwMDAwMDAwMDAwMCwidXBkYXRlIjoyNzAwMDAwMDAwMDAwfX0=",
          "dependencies": [
            "module.aks_rg.azurerm_resource_group.aks_rg",
            "module.vm.azurerm_network_interface.agent_vm_nic",
            "module.vnet_aks.azurerm_network_security_group.aks_nsg",
            "module.vnet_aks.azurerm_subnet.aks_subnet",
            "module.vnet_aks.azurerm_subnet.vm_subnet",
            "module.vnet_aks.azurerm_virtual_network.aks_vnet"
          ]
        }
      ]
    },
    {
      "module": "module.vm",
      "mode": "managed",
      "type": "azurerm_network_interface",
      "name": "agent_vm_nic",
      "provider": "provider[\"registry.terraform.io/hashicorp/azurerm\"]",
      "instances": [
        {
          "schema_version": 0,
          "attributes": {
            "applied_dns_servers": [],
            "auxiliary_mode": "",
            "auxiliary_sku": "",
            "dns_servers": [],
            "edge_zone": "",
            "enable_accelerated_networking": false,
            "enable_ip_forwarding": false,
            "id": "/subscriptions/9734dba5-b9e0-4249-9973-b3fb22b06d24/resourceGroups/aks_rg-prod/providers/Microsoft.Network/networkInterfaces/agent-vm-nic",
            "internal_dns_name_label": "",
            "internal_domain_name_suffix": "4pq54etlz5uu5d0aidnyyciqwg.bx.internal.cloudapp.net",
            "ip_configuration": [
              {
                "gateway_load_balancer_frontend_ip_configuration_id": "",
                "name": "internal",
                "primary": true,
                "private_ip_address": "10.0.2.4",
                "private_ip_address_allocation": "Dynamic",
                "private_ip_address_version": "IPv4",
                "public_ip_address_id": "",
                "subnet_id": "/subscriptions/9734dba5-b9e0-4249-9973-b3fb22b06d24/resourceGroups/aks_rg-prod/providers/Microsoft.Network/virtualNetworks/maf-aks-vnet-prod/subnets/vm-subnet"
              }
            ],
            "location": "eastus",
            "mac_address": "",
            "name": "agent-vm-nic",
            "private_ip_address": "10.0.2.4",
            "private_ip_addresses": [
              "10.0.2.4"
            ],
            "resource_group_name": "aks_rg-prod",
            "tags": {},
            "timeouts": null,
            "virtual_machine_id": ""
          },
          "sensitive_attributes": [],
          "private": "eyJlMmJmYjczMC1lY2FhLTExZTYtOGY4OC0zNDM2M2JjN2M0YzAiOnsiY3JlYXRlIjoxODAwMDAwMDAwMDAwLCJkZWxldGUiOjE4MDAwMDAwMDAwMDAsInJlYWQiOjMwMDAwMDAwMDAwMCwidXBkYXRlIjoxODAwMDAwMDAwMDAwfX0=",
          "dependencies": [
            "module.aks_rg.azurerm_resource_group.aks_rg",
            "module.vnet_aks.azurerm_network_security_group.aks_nsg",
            "module.vnet_aks.azurerm_subnet.aks_subnet",
            "module.vnet_aks.azurerm_subnet.vm_subnet",
            "module.vnet_aks.azurerm_virtual_network.aks_vnet"
          ]
        }
      ]
    },
    {
      "module": "module.vm",
      "mode": "managed",
      "type": "azurerm_network_interface_security_group_association",
      "name": "vm_nsg_association",
      "provider": "provider[\"registry.terraform.io/hashicorp/azurerm\"]",
      "instances": [
        {
          "schema_version": 0,
          "attributes": {
            "id": "/subscriptions/9734dba5-b9e0-4249-9973-b3fb22b06d24/resourceGroups/aks_rg-prod/providers/Microsoft.Network/networkInterfaces/agent-vm-nic|/subscriptions/9734dba5-b9e0-4249-9973-b3fb22b06d24/resourceGroups/aks_rg-prod/providers/Microsoft.Network/networkSecurityGroups/agentvmnsg",
            "network_interface_id": "/subscriptions/9734dba5-b9e0-4249-9973-b3fb22b06d24/resourceGroups/aks_rg-prod/providers/Microsoft.Network/networkInterfaces/agent-vm-nic",
            "network_security_group_id": "/subscriptions/9734dba5-b9e0-4249-9973-b3fb22b06d24/resourceGroups/aks_rg-prod/providers/Microsoft.Network/networkSecurityGroups/agentvmnsg",
            "timeouts": null
          },
          "sensitive_attributes": [],
          "private": "eyJlMmJmYjczMC1lY2FhLTExZTYtOGY4OC0zNDM2M2JjN2M0YzAiOnsiY3JlYXRlIjoxODAwMDAwMDAwMDAwLCJkZWxldGUiOjE4MDAwMDAwMDAwMDAsInJlYWQiOjMwMDAwMDAwMDAwMH19",
          "dependencies": [
            "module.aks_rg.azurerm_resource_group.aks_rg",
            "module.vm.azurerm_network_interface.agent_vm_nic",
            "module.vm.azurerm_network_security_group.vm_nsg",
            "module.vnet_aks.azurerm_network_security_group.aks_nsg",
            "module.vnet_aks.azurerm_subnet.aks_subnet",
            "module.vnet_aks.azurerm_subnet.vm_subnet",
            "module.vnet_aks.azurerm_virtual_network.aks_vnet"
          ]
        }
      ]
    },
    {
      "module": "module.vm",
      "mode": "managed",
      "type": "azurerm_network_security_group",
      "name": "vm_nsg",
      "provider": "provider[\"registry.terraform.io/hashicorp/azurerm\"]",
      "instances": [
        {
          "schema_version": 0,
          "attributes": {
            "id": "/subscriptions/9734dba5-b9e0-4249-9973-b3fb22b06d24/resourceGroups/aks_rg-prod/providers/Microsoft.Network/networkSecurityGroups/agentvmnsg",
            "location": "eastus",
            "name": "agentvmnsg",
            "resource_group_name": "aks_rg-prod",
            "security_rule": [
              {
                "access": "Allow",
                "description": "",
                "destination_address_prefix": "*",
                "destination_address_prefixes": [],
                "destination_application_security_group_ids": [],
                "destination_port_range": "*",
                "destination_port_ranges": [],
                "direction": "Inbound",
                "name": "allow",
                "priority": 100,
                "protocol": "Tcp",
                "source_address_prefix": "*",
                "source_address_prefixes": [],
                "source_application_security_group_ids": [],
                "source_port_range": "*",
                "source_port_ranges": []
              }
            ],
            "tags": {
              "environment": "Production"
            },
            "timeouts": null
          },
          "sensitive_attributes": [],
          "private": "eyJlMmJmYjczMC1lY2FhLTExZTYtOGY4OC0zNDM2M2JjN2M0YzAiOnsiY3JlYXRlIjoxODAwMDAwMDAwMDAwLCJkZWxldGUiOjE4MDAwMDAwMDAwMDAsInJlYWQiOjMwMDAwMDAwMDAwMCwidXBkYXRlIjoxODAwMDAwMDAwMDAwfX0=",
          "dependencies": [
            "module.aks_rg.azurerm_resource_group.aks_rg",
            "module.vnet_aks.azurerm_network_security_group.aks_nsg",
            "module.vnet_aks.azurerm_subnet.aks_subnet",
            "module.vnet_aks.azurerm_subnet.vm_subnet",
            "module.vnet_aks.azurerm_virtual_network.aks_vnet"
          ]
        }
      ]
    },
    {
      "module": "module.vnet_aks",
      "mode": "managed",
      "type": "azurerm_network_security_group",
      "name": "aks_nsg",
      "provider": "provider[\"registry.terraform.io/hashicorp/azurerm\"]",
      "instances": [
        {
          "schema_version": 0,
          "attributes": {
            "id": "/subscriptions/9734dba5-b9e0-4249-9973-b3fb22b06d24/resourceGroups/aks_rg-prod/providers/Microsoft.Network/networkSecurityGroups/maf-aks-nsg-prod",
            "location": "eastus",
            "name": "maf-aks-nsg-prod",
            "resource_group_name": "aks_rg-prod",
            "security_rule": [],
            "tags": {},
            "timeouts": null
          },
          "sensitive_attributes": [],
          "private": "eyJlMmJmYjczMC1lY2FhLTExZTYtOGY4OC0zNDM2M2JjN2M0YzAiOnsiY3JlYXRlIjoxODAwMDAwMDAwMDAwLCJkZWxldGUiOjE4MDAwMDAwMDAwMDAsInJlYWQiOjMwMDAwMDAwMDAwMCwidXBkYXRlIjoxODAwMDAwMDAwMDAwfX0=",
          "dependencies": [
            "module.aks_rg.azurerm_resource_group.aks_rg"
          ]
        }
      ]
    },
    {
      "module": "module.vnet_aks",
      "mode": "managed",
      "type": "azurerm_subnet",
      "name": "aks_subnet",
      "provider": "provider[\"registry.terraform.io/hashicorp/azurerm\"]",
      "instances": [
        {
          "schema_version": 0,
          "attributes": {
            "address_prefixes": [
              "10.0.0.0/23"
            ],
            "delegation": [],
            "enforce_private_link_endpoint_network_policies": false,
            "enforce_private_link_service_network_policies": false,
            "id": "/subscriptions/9734dba5-b9e0-4249-9973-b3fb22b06d24/resourceGroups/aks_rg-prod/providers/Microsoft.Network/virtualNetworks/maf-aks-vnet-prod/subnets/aks-subnet",
            "name": "aks-subnet",
            "private_endpoint_network_policies_enabled": true,
            "private_link_service_network_policies_enabled": true,
            "resource_group_name": "aks_rg-prod",
            "service_endpoint_policy_ids": [],
            "service_endpoints": [],
            "timeouts": null,
            "virtual_network_name": "maf-aks-vnet-prod"
          },
          "sensitive_attributes": [],
          "private": "eyJlMmJmYjczMC1lY2FhLTExZTYtOGY4OC0zNDM2M2JjN2M0YzAiOnsiY3JlYXRlIjoxODAwMDAwMDAwMDAwLCJkZWxldGUiOjE4MDAwMDAwMDAwMDAsInJlYWQiOjMwMDAwMDAwMDAwMCwidXBkYXRlIjoxODAwMDAwMDAwMDAwfX0=",
          "dependencies": [
            "module.aks_rg.azurerm_resource_group.aks_rg",
            "module.vnet_aks.azurerm_virtual_network.aks_vnet"
          ]
        }
      ]
    },
    {
      "module": "module.vnet_aks",
      "mode": "managed",
      "type": "azurerm_subnet",
      "name": "vm_subnet",
      "provider": "provider[\"registry.terraform.io/hashicorp/azurerm\"]",
      "instances": [
        {
          "schema_version": 0,
          "attributes": {
            "address_prefixes": [
              "10.0.2.0/23"
            ],
            "delegation": [],
            "enforce_private_link_endpoint_network_policies": false,
            "enforce_private_link_service_network_policies": false,
            "id": "/subscriptions/9734dba5-b9e0-4249-9973-b3fb22b06d24/resourceGroups/aks_rg-prod/providers/Microsoft.Network/virtualNetworks/maf-aks-vnet-prod/subnets/vm-subnet",
            "name": "vm-subnet",
            "private_endpoint_network_policies_enabled": true,
            "private_link_service_network_policies_enabled": true,
            "resource_group_name": "aks_rg-prod",
            "service_endpoint_policy_ids": [],
            "service_endpoints": [],
            "timeouts": null,
            "virtual_network_name": "maf-aks-vnet-prod"
          },
          "sensitive_attributes": [],
          "private": "eyJlMmJmYjczMC1lY2FhLTExZTYtOGY4OC0zNDM2M2JjN2M0YzAiOnsiY3JlYXRlIjoxODAwMDAwMDAwMDAwLCJkZWxldGUiOjE4MDAwMDAwMDAwMDAsInJlYWQiOjMwMDAwMDAwMDAwMCwidXBkYXRlIjoxODAwMDAwMDAwMDAwfX0=",
          "dependencies": [
            "module.aks_rg.azurerm_resource_group.aks_rg",
            "module.vnet_aks.azurerm_virtual_network.aks_vnet"
          ]
        }
      ]
    },
    {
      "module": "module.vnet_aks",
      "mode": "managed",
      "type": "azurerm_virtual_network",
      "name": "aks_vnet",
      "provider": "provider[\"registry.terraform.io/hashicorp/azurerm\"]",
      "instances": [
        {
          "schema_version": 0,
          "attributes": {
            "address_space": [
              "10.0.0.0/8"
            ],
            "bgp_community": "",
            "ddos_protection_plan": [],
            "dns_servers": [],
            "edge_zone": "",
            "encryption": [],
            "flow_timeout_in_minutes": 0,
            "guid": "12ffe1f3-cf6b-4fe9-8f40-40db8c0910b6",
            "id": "/subscriptions/9734dba5-b9e0-4249-9973-b3fb22b06d24/resourceGroups/aks_rg-prod/providers/Microsoft.Network/virtualNetworks/maf-aks-vnet-prod",
            "location": "eastus",
            "name": "maf-aks-vnet-prod",
            "resource_group_name": "aks_rg-prod",
            "subnet": [
              {
                "address_prefix": "10.0.0.0/23",
                "id": "/subscriptions/9734dba5-b9e0-4249-9973-b3fb22b06d24/resourceGroups/aks_rg-prod/providers/Microsoft.Network/virtualNetworks/maf-aks-vnet-prod/subnets/aks-subnet",
                "name": "aks-subnet",
                "security_group": ""
              },
              {
                "address_prefix": "10.0.2.0/23",
                "id": "/subscriptions/9734dba5-b9e0-4249-9973-b3fb22b06d24/resourceGroups/aks_rg-prod/providers/Microsoft.Network/virtualNetworks/maf-aks-vnet-prod/subnets/vm-subnet",
                "name": "vm-subnet",
                "security_group": ""
              }
            ],
            "tags": {
              "environment": "prod"
            },
            "timeouts": null
          },
          "sensitive_attributes": [],
          "private": "eyJlMmJmYjczMC1lY2FhLTExZTYtOGY4OC0zNDM2M2JjN2M0YzAiOnsiY3JlYXRlIjoxODAwMDAwMDAwMDAwLCJkZWxldGUiOjE4MDAwMDAwMDAwMDAsInJlYWQiOjMwMDAwMDAwMDAwMCwidXBkYXRlIjoxODAwMDAwMDAwMDAwfX0=",
          "dependencies": [
            "module.aks_rg.azurerm_resource_group.aks_rg"
          ]
        }
      ]
    }
  ],
  "check_results": null
}
